<?xml version="1.0" encoding="utf-8"?>
<Project ToolsVersion="4.0" xmlns="http://schemas.microsoft.com/developer/msbuild/2003">
  <ItemGroup>
    <Filter Include="Source Files">
      <UniqueIdentifier>{4FC737F1-C7A5-4376-A066-2A32D752A2FF}</UniqueIdentifier>
      <Extensions>cpp;c;cc;cxx;def;odl;idl;hpj;bat;asm;asmx</Extensions>
    </Filter>
    <Filter Include="Header Files">
      <UniqueIdentifier>{93995380-89BD-4b04-88EB-625FBE52EBFB}</UniqueIdentifier>
      <Extensions>h;hh;hpp;hxx;hm;inl;inc;xsd</Extensions>
    </Filter>
    <Filter Include="Resource Files">
      <UniqueIdentifier>{67DA6AB6-F800-4c08-8B7A-83BB121AAD01}</UniqueIdentifier>
      <Extensions>rc;ico;cur;bmp;dlg;rc2;rct;bin;rgs;gif;jpg;jpeg;jpe;resx;tiff;tif;png;wav;mfcribbon-ms</Extensions>
    </Filter>
    <Filter Include="Header Files\SIMD">
      <UniqueIdentifier>{34c5c28a-f0a7-405a-b65f-5c8b39162eab}</UniqueIdentifier>
    </Filter>
    <Filter Include="Header Files\Projections">
      <UniqueIdentifier>{96fc63df-f7b0-4559-9460-5534b71ef2ea}</UniqueIdentifier>
    </Filter>
    <Filter Include="Header Files\SIMD\Projections">
      <UniqueIdentifier>{a0e3c983-a15d-4ebd-a7d9-8a7e4c84b2d2}</UniqueIdentifier>
    </Filter>
  </ItemGroup>
  <ItemGroup>
    <ClCompile Include="lodepng.cpp">
      <Filter>Source Files</Filter>
    </ClCompile>
    <ClCompile Include="ProjectionRenderer.cpp">
      <Filter>Source Files</Filter>
    </ClCompile>
    <ClCompile Include="MapProjectionStructures.cpp">
      <Filter>Source Files</Filter>
    </ClCompile>
    <ClCompile Include="main.cpp">
      <Filter>Source Files</Filter>
    </ClCompile>
    <ClCompile Include="ProjectionInfo.cpp">
      <Filter>Source Files</Filter>
    </ClCompile>
    <ClCompile Include="MapProjectionsUtils.cpp">
      <Filter>Source Files</Filter>
    </ClCompile>
  </ItemGroup>
  <ItemGroup>
    <ClInclude Include="lodepng.h">
      <Filter>Header Files</Filter>
    </ClInclude>
    <ClInclude Include="ProjectionRenderer.h">
      <Filter>Header Files</Filter>
    </ClInclude>
    <ClInclude Include="GeoCoordinate.h">
      <Filter>Header Files</Filter>
    </ClInclude>
    <ClInclude Include="MapProjectionStructures.h">
      <Filter>Header Files</Filter>
    </ClInclude>
    <ClInclude Include="MapProjectionUtils.h">
      <Filter>Header Files</Filter>
    </ClInclude>
    <ClInclude Include="IProjectionInfo.h">
      <Filter>Header Files</Filter>
    </ClInclude>
    <ClInclude Include="simd\avx_math_float.h">
      <Filter>Header Files\SIMD</Filter>
    </ClInclude>
    <ClInclude Include="simd\MapProjectionStructures_simd.h">
      <Filter>Header Files\SIMD</Filter>
    </ClInclude>
    <ClInclude Include="simd\MapProjectionUtils_simd.h">
      <Filter>Header Files\SIMD</Filter>
    </ClInclude>
    <ClInclude Include="simd\ProjectionInfo_simd.h">
      <Filter>Header Files\SIMD</Filter>
    </ClInclude>
    <ClInclude Include="ProjectionInfo.h">
      <Filter>Header Files</Filter>
    </ClInclude>
    <ClInclude Include="Projections\Mercator.h">
      <Filter>Header Files\Projections</Filter>
    </ClInclude>
    <ClInclude Include="Projections\LambertConic.h">
      <Filter>Header Files\Projections</Filter>
    </ClInclude>
    <ClInclude Include="Projections\Miller.h">
      <Filter>Header Files\Projections</Filter>
    </ClInclude>
    <ClInclude Include="Projections\Equirectangular.h">
      <Filter>Header Files\Projections</Filter>
    </ClInclude>
    <ClInclude Include="Projections\PolarSteregographic.h">
      <Filter>Header Files\Projections</Filter>
    </ClInclude>
    <ClInclude Include="simd\Projections\Mercator_simd.h">
      <Filter>Header Files\SIMD\Projections</Filter>
    </ClInclude>
    <ClInclude Include="simd\Projections\Miller_simd.h">
      <Filter>Header Files\SIMD\Projections</Filter>
    </ClInclude>
    <ClInclude Include="Projections\GOES.h">
      <Filter>Header Files\Projections</Filter>
    </ClInclude>
    <ClInclude Include="simd\neon_math_float.h">
      <Filter>Header Files\SIMD</Filter>
    </ClInclude>
  </ItemGroup>
  <ItemGroup>
    <None Include="..\README.md">
      <Filter>Resource Files</Filter>
    </None>
  </ItemGroup>
</Project>