<?xml version="1.0" encoding="utf-8"?>
<Project ToolsVersion="4.0" xmlns="http://schemas.microsoft.com/developer/msbuild/2003">
  <ItemGroup>
    <Filter Include="Source Files">
      <UniqueIdentifier>{4FC737F1-C7A5-4376-A066-2A32D752A2FF}</UniqueIdentifier>
      <Extensions>cpp;c;cc;cxx;def;odl;idl;hpj;bat;asm;asmx</Extensions>
    </Filter>
    <Filter Include="Header Files">
      <UniqueIdentifier>{93995380-89BD-4b04-88EB-625FBE52EBFB}</UniqueIdentifier>
      <Extensions>h;hh;hpp;hxx;hm;inl;inc;xsd</Extensions>
    </Filter>
    <Filter Include="Resource Files">
      <UniqueIdentifier>{67DA6AB6-F800-4c08-8B7A-83BB121AAD01}</UniqueIdentifier>
      <Extensions>rc;ico;cur;bmp;dlg;rc2;rct;bin;rgs;gif;jpg;jpeg;jpe;resx;tiff;tif;png;wav;mfcribbon-ms</Extensions>
    </Filter>
    <Filter Include="Header Files\Projections">
      <UniqueIdentifier>{96fc63df-f7b0-4559-9460-5534b71ef2ea}</UniqueIdentifier>
    </Filter>
    <Filter Include="Header Files\simd">
      <UniqueIdentifier>{6915119f-0cb0-451b-a7a9-beb75018137a}</UniqueIdentifier>
    </Filter>
    <Filter Include="Header Files\simd\avx">
      <UniqueIdentifier>{aa64741d-365c-4620-8f57-a1af2ce19bdf}</UniqueIdentifier>
    </Filter>
    <Filter Include="Header Files\simd\neon">
      <UniqueIdentifier>{1c1eaba0-2293-4189-97ea-a971317f327d}</UniqueIdentifier>
    </Filter>
    <Filter Include="Header Files\simd\avx\Projections">
      <UniqueIdentifier>{37ab7c8b-97ef-40ff-9830-289ef99ed813}</UniqueIdentifier>
    </Filter>
    <Filter Include="Header Files\simd\neon\Projections">
      <UniqueIdentifier>{e781f8cf-e69d-4d15-a674-74ad2741dd96}</UniqueIdentifier>
    </Filter>
  </ItemGroup>
  <ItemGroup>
    <ClCompile Include="lodepng.cpp">
      <Filter>Source Files</Filter>
    </ClCompile>
    <ClCompile Include="ProjectionRenderer.cpp">
      <Filter>Source Files</Filter>
    </ClCompile>
    <ClCompile Include="MapProjectionStructures.cpp">
      <Filter>Source Files</Filter>
    </ClCompile>
    <ClCompile Include="main.cpp">
      <Filter>Source Files</Filter>
    </ClCompile>
    <ClCompile Include="ProjectionInfo.cpp">
      <Filter>Source Files</Filter>
    </ClCompile>
    <ClCompile Include="Reprojection.cpp">
      <Filter>Source Files</Filter>
    </ClCompile>
    <ClCompile Include="CountriesUtils.cpp">
      <Filter>Source Files</Filter>
    </ClCompile>
    <ClCompile Include="MapProjectionUtils.cpp">
      <Filter>Source Files</Filter>
    </ClCompile>
    <ClCompile Include="tests.cpp">
      <Filter>Source Files</Filter>
    </ClCompile>
  </ItemGroup>
  <ItemGroup>
    <ClInclude Include="lodepng.h">
      <Filter>Header Files</Filter>
    </ClInclude>
    <ClInclude Include="ProjectionRenderer.h">
      <Filter>Header Files</Filter>
    </ClInclude>
    <ClInclude Include="GeoCoordinate.h">
      <Filter>Header Files</Filter>
    </ClInclude>
    <ClInclude Include="MapProjectionStructures.h">
      <Filter>Header Files</Filter>
    </ClInclude>
    <ClInclude Include="MapProjectionUtils.h">
      <Filter>Header Files</Filter>
    </ClInclude>
    <ClInclude Include="IProjectionInfo.h">
      <Filter>Header Files</Filter>
    </ClInclude>
    <ClInclude Include="ProjectionInfo.h">
      <Filter>Header Files</Filter>
    </ClInclude>
    <ClInclude Include="Projections\Mercator.h">
      <Filter>Header Files\Projections</Filter>
    </ClInclude>
    <ClInclude Include="Projections\LambertConic.h">
      <Filter>Header Files\Projections</Filter>
    </ClInclude>
    <ClInclude Include="Projections\Miller.h">
      <Filter>Header Files\Projections</Filter>
    </ClInclude>
    <ClInclude Include="Projections\Equirectangular.h">
      <Filter>Header Files\Projections</Filter>
    </ClInclude>
    <ClInclude Include="Projections\PolarSteregographic.h">
      <Filter>Header Files\Projections</Filter>
    </ClInclude>
    <ClInclude Include="Projections\GEOS.h">
      <Filter>Header Files\Projections</Filter>
    </ClInclude>
    <ClInclude Include="Reprojection.h">
      <Filter>Header Files</Filter>
    </ClInclude>
    <ClInclude Include="Projections\LambertAzimuthal.h">
      <Filter>Header Files\Projections</Filter>
    </ClInclude>
    <ClInclude Include="CountriesUtils.h">
      <Filter>Header Files</Filter>
    </ClInclude>
    <ClInclude Include="PoleRotationTransform.h">
      <Filter>Header Files</Filter>
    </ClInclude>
    <ClInclude Include="simd\avx\avx_math_float.h">
      <Filter>Header Files\simd\avx</Filter>
    </ClInclude>
    <ClInclude Include="simd\neon\Projections\Equirectangular_neon.h">
      <Filter>Header Files\simd\neon\Projections</Filter>
    </ClInclude>
    <ClInclude Include="simd\neon\Projections\Mercator_neon.h">
      <Filter>Header Files\simd\neon\Projections</Filter>
    </ClInclude>
    <ClInclude Include="simd\neon\MapProjectionStructures_neon.h">
      <Filter>Header Files\simd\neon</Filter>
    </ClInclude>
    <ClInclude Include="simd\neon\MapProjectionUtils_neon.h">
      <Filter>Header Files\simd\neon</Filter>
    </ClInclude>
    <ClInclude Include="simd\neon\NEON_2_SSE.h">
      <Filter>Header Files\simd\neon</Filter>
    </ClInclude>
    <ClInclude Include="simd\neon\neon_math_float.h">
      <Filter>Header Files\simd\neon</Filter>
    </ClInclude>
    <ClInclude Include="simd\neon\neon_utils.h">
      <Filter>Header Files\simd\neon</Filter>
    </ClInclude>
    <ClInclude Include="simd\neon\ProjectionInfo_neon.h">
      <Filter>Header Files\simd\neon</Filter>
    </ClInclude>
    <ClInclude Include="simd\neon\Reprojection_neon.h">
      <Filter>Header Files\simd\neon</Filter>
    </ClInclude>
    <ClInclude Include="simd\avx\MapProjectionStructures_avx.h">
      <Filter>Header Files\simd\avx</Filter>
    </ClInclude>
    <ClInclude Include="simd\avx\MapProjectionUtils_avx.h">
      <Filter>Header Files\simd\avx</Filter>
    </ClInclude>
    <ClInclude Include="simd\avx\ProjectionInfo_avx.h">
      <Filter>Header Files\simd\avx</Filter>
    </ClInclude>
    <ClInclude Include="simd\avx\Reprojection_avx.h">
      <Filter>Header Files\simd\avx</Filter>
    </ClInclude>
    <ClInclude Include="simd\avx\Projections\Equirectangular_avx.h">
      <Filter>Header Files\simd\avx\Projections</Filter>
    </ClInclude>
    <ClInclude Include="simd\avx\Projections\GEOS_avx.h">
      <Filter>Header Files\simd\avx\Projections</Filter>
    </ClInclude>
    <ClInclude Include="simd\avx\Projections\Mercator_avx.h">
      <Filter>Header Files\simd\avx\Projections</Filter>
    </ClInclude>
    <ClInclude Include="simd\avx\Projections\Miller_avx.h">
      <Filter>Header Files\simd\avx\Projections</Filter>
    </ClInclude>
    <ClInclude Include="Projections\AEQD.h">
      <Filter>Header Files\Projections</Filter>
    </ClInclude>
    <ClInclude Include="tests.h">
      <Filter>Header Files</Filter>
    </ClInclude>
    <ClInclude Include="simd\avx\Projections\AEQD_avx.h">
      <Filter>Header Files\simd\avx\Projections</Filter>
    </ClInclude>
  </ItemGroup>
  <ItemGroup>
    <None Include="..\README.md">
      <Filter>Resource Files</Filter>
    </None>
  </ItemGroup>
</Project>